// !$*UTF8*$!
{
	archiveVersion = 1;
	classes = {
	};
	objectVersion = 56;
	objects = {

/* Begin PBXBuildFile section */
		46B94E7B28C66E9800E5BA68 /* NewBookView.swift in Sources */ = {isa = PBXBuildFile; fileRef = 46B94E7A28C66E9800E5BA68 /* NewBookView.swift */; };
		46B94E7D28C670EB00E5BA68 /* ReviewAndImageStack.swift in Sources */ = {isa = PBXBuildFile; fileRef = 46B94E7C28C670EB00E5BA68 /* ReviewAndImageStack.swift */; };
		46CCAFFA28C62B20001C4D27 /* ReadMeApp.swift in Sources */ = {isa = PBXBuildFile; fileRef = 46CCAFF928C62B20001C4D27 /* ReadMeApp.swift */; };
		46CCAFFC28C62B20001C4D27 /* ContentView.swift in Sources */ = {isa = PBXBuildFile; fileRef = 46CCAFFB28C62B20001C4D27 /* ContentView.swift */; };
		46CCAFFE28C62B21001C4D27 /* Assets.xcassets in Resources */ = {isa = PBXBuildFile; fileRef = 46CCAFFD28C62B21001C4D27 /* Assets.xcassets */; };
		46CCB00128C62B21001C4D27 /* Preview Assets.xcassets in Resources */ = {isa = PBXBuildFile; fileRef = 46CCB00028C62B21001C4D27 /* Preview Assets.xcassets */; };
		46CCB00828C62C75001C4D27 /* Book.swift in Sources */ = {isa = PBXBuildFile; fileRef = 46CCB00728C62C75001C4D27 /* Book.swift */; };
		46CCB00B28C62D51001C4D27 /* Book Views.swift in Sources */ = {isa = PBXBuildFile; fileRef = 46CCB00A28C62D51001C4D27 /* Book Views.swift */; };
		46CCB00D28C637B3001C4D27 /* Library.swift in Sources */ = {isa = PBXBuildFile; fileRef = 46CCB00C28C637B3001C4D27 /* Library.swift */; };
		46CCB01128C63927001C4D27 /* DetailView.swift in Sources */ = {isa = PBXBuildFile; fileRef = 46CCB01028C63927001C4D27 /* DetailView.swift */; };
		46CCB01328C64356001C4D27 /* PHPickerViewController.View.swift in Sources */ = {isa = PBXBuildFile; fileRef = 46CCB01228C64356001C4D27 /* PHPickerViewController.View.swift */; };
/* End PBXBuildFile section */

/* Begin PBXFileReference section */
		46B94E7A28C66E9800E5BA68 /* NewBookView.swift */ = {isa = PBXFileReference; lastKnownFileType = sourcecode.swift; path = NewBookView.swift; sourceTree = "<group>"; };
		46B94E7C28C670EB00E5BA68 /* ReviewAndImageStack.swift */ = {isa = PBXFileReference; lastKnownFileType = sourcecode.swift; path = ReviewAndImageStack.swift; sourceTree = "<group>"; };
		46CCAFF628C62B20001C4D27 /* ReadMe.app */ = {isa = PBXFileReference; explicitFileType = wrapper.application; includeInIndex = 0; path = ReadMe.app; sourceTree = BUILT_PRODUCTS_DIR; };
		46CCAFF928C62B20001C4D27 /* ReadMeApp.swift */ = {isa = PBXFileReference; lastKnownFileType = sourcecode.swift; path = ReadMeApp.swift; sourceTree = "<group>"; };
		46CCAFFB28C62B20001C4D27 /* ContentView.swift */ = {isa = PBXFileReference; lastKnownFileType = sourcecode.swift; path = ContentView.swift; sourceTree = "<group>"; };
		46CCAFFD28C62B21001C4D27 /* Assets.xcassets */ = {isa = PBXFileReference; lastKnownFileType = folder.assetcatalog; path = Assets.xcassets; sourceTree = "<group>"; };
		46CCB00028C62B21001C4D27 /* Preview Assets.xcassets */ = {isa = PBXFileReference; lastKnownFileType = folder.assetcatalog; path = "Preview Assets.xcassets"; sourceTree = "<group>"; };
		46CCB00728C62C75001C4D27 /* Book.swift */ = {isa = PBXFileReference; lastKnownFileType = sourcecode.swift; path = Book.swift; sourceTree = "<group>"; };
		46CCB00A28C62D51001C4D27 /* Book Views.swift */ = {isa = PBXFileReference; lastKnownFileType = sourcecode.swift; path = "Book Views.swift"; sourceTree = "<group>"; };
		46CCB00C28C637B3001C4D27 /* Library.swift */ = {isa = PBXFileReference; fileEncoding = 4; lastKnownFileType = sourcecode.swift; path = Library.swift; sourceTree = "<group>"; };
		46CCB01028C63927001C4D27 /* DetailView.swift */ = {isa = PBXFileReference; lastKnownFileType = sourcecode.swift; path = DetailView.swift; sourceTree = "<group>"; };
		46CCB01228C64356001C4D27 /* PHPickerViewController.View.swift */ = {isa = PBXFileReference; lastKnownFileType = sourcecode.swift; path = PHPickerViewController.View.swift; sourceTree = "<group>"; };
/* End PBXFileReference section */

/* Begin PBXFrameworksBuildPhase section */
		46CCAFF328C62B20001C4D27 /* Frameworks */ = {
			isa = PBXFrameworksBuildPhase;
			buildActionMask = 2147483647;
			files = (
			);
			runOnlyForDeploymentPostprocessing = 0;
		};
/* End PBXFrameworksBuildPhase section */

/* Begin PBXGroup section */
		46CCAFED28C62B20001C4D27 = {
			isa = PBXGroup;
			children = (
				46CCAFF828C62B20001C4D27 /* ReadMe */,
				46CCAFF728C62B20001C4D27 /* Products */,
			);
			sourceTree = "<group>";
		};
		46CCAFF728C62B20001C4D27 /* Products */ = {
			isa = PBXGroup;
			children = (
				46CCAFF628C62B20001C4D27 /* ReadMe.app */,
			);
			name = Products;
			sourceTree = "<group>";
		};
		46CCAFF828C62B20001C4D27 /* ReadMe */ = {
			isa = PBXGroup;
			children = (
				46CCAFF928C62B20001C4D27 /* ReadMeApp.swift */,
				46CCB00C28C637B3001C4D27 /* Library.swift */,
				46CCB00928C62CEA001C4D27 /* Views */,
				46CCB00728C62C75001C4D27 /* Book.swift */,
				46CCAFFD28C62B21001C4D27 /* Assets.xcassets */,
				46CCAFFF28C62B21001C4D27 /* Preview Content */,
			);
			path = ReadMe;
			sourceTree = "<group>";
		};
		46CCAFFF28C62B21001C4D27 /* Preview Content */ = {
			isa = PBXGroup;
			children = (
				46CCB00028C62B21001C4D27 /* Preview Assets.xcassets */,
			);
			path = "Preview Content";
			sourceTree = "<group>";
		};
		46CCB00928C62CEA001C4D27 /* Views */ = {
			isa = PBXGroup;
			children = (
				46CCAFFB28C62B20001C4D27 /* ContentView.swift */,
				46CCB01028C63927001C4D27 /* DetailView.swift */,
				46B94E7C28C670EB00E5BA68 /* ReviewAndImageStack.swift */,
				46CCB00A28C62D51001C4D27 /* Book Views.swift */,
				46CCB01228C64356001C4D27 /* PHPickerViewController.View.swift */,
				46B94E7A28C66E9800E5BA68 /* NewBookView.swift */,
			);
			path = Views;
			sourceTree = "<group>";
		};
/* End PBXGroup section */

/* Begin PBXNativeTarget section */
		46CCAFF528C62B20001C4D27 /* ReadMe */ = {
			isa = PBXNativeTarget;
			buildConfigurationList = 46CCB00428C62B21001C4D27 /* Build configuration list for PBXNativeTarget "ReadMe" */;
			buildPhases = (
				46CCAFF228C62B20001C4D27 /* Sources */,
				46CCAFF328C62B20001C4D27 /* Frameworks */,
				46CCAFF428C62B20001C4D27 /* Resources */,
			);
			buildRules = (
			);
			dependencies = (
			);
			name = ReadMe;
			productName = ReadMe;
			productReference = 46CCAFF628C62B20001C4D27 /* ReadMe.app */;
			productType = "com.apple.product-type.application";
		};
/* End PBXNativeTarget section */

/* Begin PBXProject section */
		46CCAFEE28C62B20001C4D27 /* Project object */ = {
			isa = PBXProject;
			attributes = {
				BuildIndependentTargetsInParallel = 1;
				LastSwiftUpdateCheck = 1400;
				LastUpgradeCheck = 1400;
				TargetAttributes = {
					46CCAFF528C62B20001C4D27 = {
						CreatedOnToolsVersion = 14.0;
					};
				};
			};
			buildConfigurationList = 46CCAFF128C62B20001C4D27 /* Build configuration list for PBXProject "ReadMe" */;
			compatibilityVersion = "Xcode 14.0";
			developmentRegion = en;
			hasScannedForEncodings = 0;
			knownRegions = (
				en,
				Base,
			);
			mainGroup = 46CCAFED28C62B20001C4D27;
			productRefGroup = 46CCAFF728C62B20001C4D27 /* Products */;
			projectDirPath = "";
			projectRoot = "";
			targets = (
				46CCAFF528C62B20001C4D27 /* ReadMe */,
			);
		};
/* End PBXProject section */

/* Begin PBXResourcesBuildPhase section */
		46CCAFF428C62B20001C4D27 /* Resources */ = {
			isa = PBXResourcesBuildPhase;
			buildActionMask = 2147483647;
			files = (
				46CCB00128C62B21001C4D27 /* Preview Assets.xcassets in Resources */,
				46CCAFFE28C62B21001C4D27 /* Assets.xcassets in Resources */,
			);
			runOnlyForDeploymentPostprocessing = 0;
		};
/* End PBXResourcesBuildPhase section */

/* Begin PBXSourcesBuildPhase section */
		46CCAFF228C62B20001C4D27 /* Sources */ = {
			isa = PBXSourcesBuildPhase;
			buildActionMask = 2147483647;
			files = (
				46CCB00B28C62D51001C4D27 /* Book Views.swift in Sources */,
				46CCAFFC28C62B20001C4D27 /* ContentView.swift in Sources */,
				46CCB00D28C637B3001C4D27 /* Library.swift in Sources */,
				46CCB01128C63927001C4D27 /* DetailView.swift in Sources */,
				46B94E7B28C66E9800E5BA68 /* NewBookView.swift in Sources */,
				46CCB01328C64356001C4D27 /* PHPickerViewController.View.swift in Sources */,
				46CCAFFA28C62B20001C4D27 /* ReadMeApp.swift in Sources */,
				46B94E7D28C670EB00E5BA68 /* ReviewAndImageStack.swift in Sources */,
				46CCB00828C62C75001C4D27 /* Book.swift in Sources */,
			);
			runOnlyForDeploymentPostprocessing = 0;
		};
/* End PBXSourcesBuildPhase section */

/* Begin XCBuildConfiguration section */
		46CCB00228C62B21001C4D27 /* Debug */ = {
			isa = XCBuildConfiguration;
			buildSettings = {
				ALWAYS_SEARCH_USER_PATHS = NO;
				CLANG_ANALYZER_NONNULL = YES;
				CLANG_ANALYZER_NUMBER_OBJECT_CONVERSION = YES_AGGRESSIVE;
				CLANG_CXX_LANGUAGE_STANDARD = "gnu++20";
				CLANG_ENABLE_MODULES = YES;
				CLANG_ENABLE_OBJC_ARC = YES;
				CLANG_ENABLE_OBJC_WEAK = YES;
				CLANG_WARN_BLOCK_CAPTURE_AUTORELEASING = YES;
				CLANG_WARN_BOOL_CONVERSION = YES;
				CLANG_WARN_COMMA = YES;
				CLANG_WARN_CONSTANT_CONVERSION = YES;
				CLANG_WARN_DEPRECATED_OBJC_IMPLEMENTATIONS = YES;
				CLANG_WARN_DIRECT_OBJC_ISA_USAGE = YES_ERROR;
				CLANG_WARN_DOCUMENTATION_COMMENTS = YES;
				CLANG_WARN_EMPTY_BODY = YES;
				CLANG_WARN_ENUM_CONVERSION = YES;
				CLANG_WARN_INFINITE_RECURSION = YES;
				CLANG_WARN_INT_CONVERSION = YES;
				CLANG_WARN_NON_LITERAL_NULL_CONVERSION = YES;
				CLANG_WARN_OBJC_IMPLICIT_RETAIN_SELF = YES;
				CLANG_WARN_OBJC_LITERAL_CONVERSION = YES;
				CLANG_WARN_OBJC_ROOT_CLASS = YES_ERROR;
				CLANG_WARN_QUOTED_INCLUDE_IN_FRAMEWORK_HEADER = YES;
				CLANG_WARN_RANGE_LOOP_ANALYSIS = YES;
				CLANG_WARN_STRICT_PROTOTYPES = YES;
				CLANG_WARN_SUSPICIOUS_MOVE = YES;
				CLANG_WARN_UNGUARDED_AVAILABILITY = YES_AGGRESSIVE;
				CLANG_WARN_UNREACHABLE_CODE = YES;
				CLANG_WARN__DUPLICATE_METHOD_MATCH = YES;
				COPY_PHASE_STRIP = NO;
				DEBUG_INFORMATION_FORMAT = dwarf;
				ENABLE_STRICT_OBJC_MSGSEND = YES;
				ENABLE_TESTABILITY = YES;
				GCC_C_LANGUAGE_STANDARD = gnu11;
				GCC_DYNAMIC_NO_PIC = NO;
				GCC_NO_COMMON_BLOCKS = YES;
				GCC_OPTIMIZATION_LEVEL = 0;
				GCC_PREPROCESSOR_DEFINITIONS = (
					"DEBUG=1",
					"$(inherited)",
				);
				GCC_WARN_64_TO_32_BIT_CONVERSION = YES;
				GCC_WARN_ABOUT_RETURN_TYPE = YES_ERROR;
				GCC_WARN_UNDECLARED_SELECTOR = YES;
				GCC_WARN_UNINITIALIZED_AUTOS = YES_AGGRESSIVE;
				GCC_WARN_UNUSED_FUNCTION = YES;
				GCC_WARN_UNUSED_VARIABLE = YES;
				IPHONEOS_DEPLOYMENT_TARGET = 16.0;
				MTL_ENABLE_DEBUG_INFO = INCLUDE_SOURCE;
				MTL_FAST_MATH = YES;
				ONLY_ACTIVE_ARCH = YES;
				SDKROOT = iphoneos;
				SWIFT_ACTIVE_COMPILATION_CONDITIONS = DEBUG;
				SWIFT_OPTIMIZATION_LEVEL = "-Onone";
			};
			name = Debug;
		};
		46CCB00328C62B21001C4D27 /* Release */ = {
			isa = XCBuildConfiguration;
			buildSettings = {
				ALWAYS_SEARCH_USER_PATHS = NO;
				CLANG_ANALYZER_NONNULL = YES;
				CLANG_ANALYZER_NUMBER_OBJECT_CONVERSION = YES_AGGRESSIVE;
				CLANG_CXX_LANGUAGE_STANDARD = "gnu++20";
				CLANG_ENABLE_MODULES = YES;
				CLANG_ENABLE_OBJC_ARC = YES;
				CLANG_ENABLE_OBJC_WEAK = YES;
				CLANG_WARN_BLOCK_CAPTURE_AUTORELEASING = YES;
				CLANG_WARN_BOOL_CONVERSION = YES;
				CLANG_WARN_COMMA = YES;
				CLANG_WARN_CONSTANT_CONVERSION = YES;
				CLANG_WARN_DEPRECATED_OBJC_IMPLEMENTATIONS = YES;
				CLANG_WARN_DIRECT_OBJC_ISA_USAGE = YES_ERROR;
				CLANG_WARN_DOCUMENTATION_COMMENTS = YES;
				CLANG_WARN_EMPTY_BODY = YES;
				CLANG_WARN_ENUM_CONVERSION = YES;
				CLANG_WARN_INFINITE_RECURSION = YES;
				CLANG_WARN_INT_CONVERSION = YES;
				CLANG_WARN_NON_LITERAL_NULL_CONVERSION = YES;
				CLANG_WARN_OBJC_IMPLICIT_RETAIN_SELF = YES;
				CLANG_WARN_OBJC_LITERAL_CONVERSION = YES;
				CLANG_WARN_OBJC_ROOT_CLASS = YES_ERROR;
				CLANG_WARN_QUOTED_INCLUDE_IN_FRAMEWORK_HEADER = YES;
				CLANG_WARN_RANGE_LOOP_ANALYSIS = YES;
				CLANG_WARN_STRICT_PROTOTYPES = YES;
				CLANG_WARN_SUSPICIOUS_MOVE = YES;
				CLANG_WARN_UNGUARDED_AVAILABILITY = YES_AGGRESSIVE;
				CLANG_WARN_UNREACHABLE_CODE = YES;
				CLANG_WARN__DUPLICATE_METHOD_MATCH = YES;
				COPY_PHASE_STRIP = NO;
				DEBUG_INFORMATION_FORMAT = "dwarf-with-dsym";
				ENABLE_NS_ASSERTIONS = NO;
				ENABLE_STRICT_OBJC_MSGSEND = YES;
				GCC_C_LANGUAGE_STANDARD = gnu11;
				GCC_NO_COMMON_BLOCKS = YES;
				GCC_WARN_64_TO_32_BIT_CONVERSION = YES;
				GCC_WARN_ABOUT_RETURN_TYPE = YES_ERROR;
				GCC_WARN_UNDECLARED_SELECTOR = YES;
				GCC_WARN_UNINITIALIZED_AUTOS = YES_AGGRESSIVE;
				GCC_WARN_UNUSED_FUNCTION = YES;
				GCC_WARN_UNUSED_VARIABLE = YES;
				IPHONEOS_DEPLOYMENT_TARGET = 16.0;
				MTL_ENABLE_DEBUG_INFO = NO;
				MTL_FAST_MATH = YES;
				SDKROOT = iphoneos;
				SWIFT_COMPILATION_MODE = wholemodule;
				SWIFT_OPTIMIZATION_LEVEL = "-O";
				VALIDATE_PRODUCT = YES;
			};
			name = Release;
		};
		46CCB00528C62B21001C4D27 /* Debug */ = {
			isa = XCBuildConfiguration;
			buildSettings = {
				ASSETCATALOG_COMPILER_APPICON_NAME = AppIcon;
				ASSETCATALOG_COMPILER_GLOBAL_ACCENT_COLOR_NAME = AccentColor;
				CODE_SIGN_STYLE = Automatic;
				CURRENT_PROJECT_VERSION = 1;
				DEVELOPMENT_ASSET_PATHS = "\"ReadMe/Preview Content\"";
				DEVELOPMENT_TEAM = 8TTD5JG84R;
				ENABLE_PREVIEWS = YES;
				GENERATE_INFOPLIST_FILE = YES;
				INFOPLIST_KEY_UIApplicationSceneManifest_Generation = YES;
				INFOPLIST_KEY_UIApplicationSupportsIndirectInputEvents = YES;
				INFOPLIST_KEY_UILaunchScreen_Generation = YES;
				INFOPLIST_KEY_UISupportedInterfaceOrientations_iPad = "UIInterfaceOrientationPortrait UIInterfaceOrientationPortraitUpsideDown UIInterfaceOrientationLandscapeLeft UIInterfaceOrientationLandscapeRight";
				INFOPLIST_KEY_UISupportedInterfaceOrientations_iPhone = "UIInterfaceOrientationPortrait UIInterfaceOrientationLandscapeLeft UIInterfaceOrientationLandscapeRight";
				LD_RUNPATH_SEARCH_PATHS = (
					"$(inherited)",
					"@executable_path/Frameworks",
				);
				MARKETING_VERSION = 1.0;
				PRODUCT_BUNDLE_IDENTIFIER = com.rogelj.rogueloop.ReadMe;
				PRODUCT_NAME = "$(TARGET_NAME)";
				SWIFT_EMIT_LOC_STRINGS = YES;
				SWIFT_VERSION = 5.0;
				TARGETED_DEVICE_FAMILY = "1,2";
			};
			name = Debug;
		};
		46CCB00628C62B21001C4D27 /* Release */ = {
			isa = XCBuildConfiguration;
			buildSettings = {
				ASSETCATALOG_COMPILER_APPICON_NAME = AppIcon;
				ASSETCATALOG_COMPILER_GLOBAL_ACCENT_COLOR_NAME = AccentColor;
				CODE_SIGN_STYLE = Automatic;
				CURRENT_PROJECT_VERSION = 1;
				DEVELOPMENT_ASSET_PATHS = "\"ReadMe/Preview Content\"";
				DEVELOPMENT_TEAM = 8TTD5JG84R;
				ENABLE_PREVIEWS = YES;
				GENERATE_INFOPLIST_FILE = YES;
				INFOPLIST_KEY_UIApplicationSceneManifest_Generation = YES;
				INFOPLIST_KEY_UIApplicationSupportsIndirectInputEvents = YES;
				INFOPLIST_KEY_UILaunchScreen_Generation = YES;
				INFOPLIST_KEY_UISupportedInterfaceOrientations_iPad = "UIInterfaceOrientationPortrait UIInterfaceOrientationPortraitUpsideDown UIInterfaceOrientationLandscapeLeft UIInterfaceOrientationLandscapeRight";
				INFOPLIST_KEY_UISupportedInterfaceOrientations_iPhone = "UIInterfaceOrientationPortrait UIInterfaceOrientationLandscapeLeft UIInterfaceOrientationLandscapeRight";
				LD_RUNPATH_SEARCH_PATHS = (
					"$(inherited)",
					"@executable_path/Frameworks",
				);
				MARKETING_VERSION = 1.0;
				PRODUCT_BUNDLE_IDENTIFIER = com.rogelj.rogueloop.ReadMe;
				PRODUCT_NAME = "$(TARGET_NAME)";
				SWIFT_EMIT_LOC_STRINGS = YES;
				SWIFT_VERSION = 5.0;
				TARGETED_DEVICE_FAMILY = "1,2";
			};
			name = Release;
		};
/* End XCBuildConfiguration section */

/* Begin XCConfigurationList section */
		46CCAFF128C62B20001C4D27 /* Build configuration list for PBXProject "ReadMe" */ = {
			isa = XCConfigurationList;
			buildConfigurations = (
				46CCB00228C62B21001C4D27 /* Debug */,
				46CCB00328C62B21001C4D27 /* Release */,
			);
			defaultConfigurationIsVisible = 0;
			defaultConfigurationName = Release;
		};
		46CCB00428C62B21001C4D27 /* Build configuration list for PBXNativeTarget "ReadMe" */ = {
			isa = XCConfigurationList;
			buildConfigurations = (
				46CCB00528C62B21001C4D27 /* Debug */,
				46CCB00628C62B21001C4D27 /* Release */,
			);
			defaultConfigurationIsVisible = 0;
			defaultConfigurationName = Release;
		};
/* End XCConfigurationList section */
	};
	rootObject = 46CCAFEE28C62B20001C4D27 /* Project object */;
}
