// !$*UTF8*$!
{
	archiveVersion = 1;
	classes = {
	};
	objectVersion = 56;
	objects = {

/* Begin PBXBuildFile section */
		4602C6D928A4054700EBBCB7 /* BullseyeApp.swift in Sources */ = {isa = PBXBuildFile; fileRef = 4602C6D828A4054700EBBCB7 /* BullseyeApp.swift */; };
		4602C6DB28A4054700EBBCB7 /* ContentView.swift in Sources */ = {isa = PBXBuildFile; fileRef = 4602C6DA28A4054700EBBCB7 /* ContentView.swift */; };
		4602C6DD28A4054800EBBCB7 /* Assets.xcassets in Resources */ = {isa = PBXBuildFile; fileRef = 4602C6DC28A4054800EBBCB7 /* Assets.xcassets */; };
		4602C6E028A4054800EBBCB7 /* Preview Assets.xcassets in Resources */ = {isa = PBXBuildFile; fileRef = 4602C6DF28A4054800EBBCB7 /* Preview Assets.xcassets */; };
		461CBB0328A6490E003E1704 /* BullseyeTests.swift in Sources */ = {isa = PBXBuildFile; fileRef = 461CBB0228A6490E003E1704 /* BullseyeTests.swift */; };
		4638B20328ABAC5E007583A8 /* PointsView.swift in Sources */ = {isa = PBXBuildFile; fileRef = 4638B20228ABAC5E007583A8 /* PointsView.swift */; };
		4638B20528ABB902007583A8 /* Constants.swift in Sources */ = {isa = PBXBuildFile; fileRef = 4638B20428ABB902007583A8 /* Constants.swift */; };
		4638B20728ABCF90007583A8 /* LeaderBoardView.swift in Sources */ = {isa = PBXBuildFile; fileRef = 4638B20628ABCF90007583A8 /* LeaderBoardView.swift */; };
		464F51A828A54F7700E49788 /* Game.swift in Sources */ = {isa = PBXBuildFile; fileRef = 464F51A728A54F7700E49788 /* Game.swift */; };
		465A8BD528A66FB900B665C6 /* TextViews.swift in Sources */ = {isa = PBXBuildFile; fileRef = 465A8BD428A66FB900B665C6 /* TextViews.swift */; };
		465A8BDB28A6A92000B665C6 /* Shapes.swift in Sources */ = {isa = PBXBuildFile; fileRef = 465A8BDA28A6A92000B665C6 /* Shapes.swift */; };
		465A8BDD28A6ACA900B665C6 /* RoundViews.swift in Sources */ = {isa = PBXBuildFile; fileRef = 465A8BDC28A6ACA900B665C6 /* RoundViews.swift */; };
		465A8BDF28A6B19C00B665C6 /* BackgroundView.swift in Sources */ = {isa = PBXBuildFile; fileRef = 465A8BDE28A6B19C00B665C6 /* BackgroundView.swift */; };
/* End PBXBuildFile section */

/* Begin PBXContainerItemProxy section */
		461CBB0428A6490E003E1704 /* PBXContainerItemProxy */ = {
			isa = PBXContainerItemProxy;
			containerPortal = 4602C6CD28A4054700EBBCB7 /* Project object */;
			proxyType = 1;
			remoteGlobalIDString = 4602C6D428A4054700EBBCB7;
			remoteInfo = Bullseye;
		};
/* End PBXContainerItemProxy section */

/* Begin PBXFileReference section */
		4602C6D528A4054700EBBCB7 /* Bullseye.app */ = {isa = PBXFileReference; explicitFileType = wrapper.application; includeInIndex = 0; path = Bullseye.app; sourceTree = BUILT_PRODUCTS_DIR; };
		4602C6D828A4054700EBBCB7 /* BullseyeApp.swift */ = {isa = PBXFileReference; lastKnownFileType = sourcecode.swift; path = BullseyeApp.swift; sourceTree = "<group>"; };
		4602C6DA28A4054700EBBCB7 /* ContentView.swift */ = {isa = PBXFileReference; lastKnownFileType = sourcecode.swift; path = ContentView.swift; sourceTree = "<group>"; };
		4602C6DC28A4054800EBBCB7 /* Assets.xcassets */ = {isa = PBXFileReference; lastKnownFileType = folder.assetcatalog; path = Assets.xcassets; sourceTree = "<group>"; };
		4602C6DF28A4054800EBBCB7 /* Preview Assets.xcassets */ = {isa = PBXFileReference; lastKnownFileType = folder.assetcatalog; path = "Preview Assets.xcassets"; sourceTree = "<group>"; };
		461CBB0028A6490E003E1704 /* BullseyeTests.xctest */ = {isa = PBXFileReference; explicitFileType = wrapper.cfbundle; includeInIndex = 0; path = BullseyeTests.xctest; sourceTree = BUILT_PRODUCTS_DIR; };
		461CBB0228A6490E003E1704 /* BullseyeTests.swift */ = {isa = PBXFileReference; lastKnownFileType = sourcecode.swift; path = BullseyeTests.swift; sourceTree = "<group>"; };
		4638B20228ABAC5E007583A8 /* PointsView.swift */ = {isa = PBXFileReference; lastKnownFileType = sourcecode.swift; path = PointsView.swift; sourceTree = "<group>"; };
		4638B20428ABB902007583A8 /* Constants.swift */ = {isa = PBXFileReference; lastKnownFileType = sourcecode.swift; path = Constants.swift; sourceTree = "<group>"; };
		4638B20628ABCF90007583A8 /* LeaderBoardView.swift */ = {isa = PBXFileReference; lastKnownFileType = sourcecode.swift; path = LeaderBoardView.swift; sourceTree = "<group>"; };
		464F51A728A54F7700E49788 /* Game.swift */ = {isa = PBXFileReference; lastKnownFileType = sourcecode.swift; path = Game.swift; sourceTree = "<group>"; };
		465A8BD428A66FB900B665C6 /* TextViews.swift */ = {isa = PBXFileReference; lastKnownFileType = sourcecode.swift; path = TextViews.swift; sourceTree = "<group>"; };
		465A8BDA28A6A92000B665C6 /* Shapes.swift */ = {isa = PBXFileReference; lastKnownFileType = sourcecode.swift; path = Shapes.swift; sourceTree = "<group>"; };
		465A8BDC28A6ACA900B665C6 /* RoundViews.swift */ = {isa = PBXFileReference; lastKnownFileType = sourcecode.swift; path = RoundViews.swift; sourceTree = "<group>"; };
		465A8BDE28A6B19C00B665C6 /* BackgroundView.swift */ = {isa = PBXFileReference; lastKnownFileType = sourcecode.swift; path = BackgroundView.swift; sourceTree = "<group>"; };
/* End PBXFileReference section */

/* Begin PBXFrameworksBuildPhase section */
		4602C6D228A4054700EBBCB7 /* Frameworks */ = {
			isa = PBXFrameworksBuildPhase;
			buildActionMask = 2147483647;
			files = (
			);
			runOnlyForDeploymentPostprocessing = 0;
		};
		461CBAFD28A6490E003E1704 /* Frameworks */ = {
			isa = PBXFrameworksBuildPhase;
			buildActionMask = 2147483647;
			files = (
			);
			runOnlyForDeploymentPostprocessing = 0;
		};
/* End PBXFrameworksBuildPhase section */

/* Begin PBXGroup section */
		4602C6CC28A4054700EBBCB7 = {
			isa = PBXGroup;
			children = (
				4602C6D728A4054700EBBCB7 /* Bullseye */,
				461CBB0128A6490E003E1704 /* BullseyeTests */,
				4602C6D628A4054700EBBCB7 /* Products */,
			);
			sourceTree = "<group>";
		};
		4602C6D628A4054700EBBCB7 /* Products */ = {
			isa = PBXGroup;
			children = (
				4602C6D528A4054700EBBCB7 /* Bullseye.app */,
				461CBB0028A6490E003E1704 /* BullseyeTests.xctest */,
			);
			name = Products;
			sourceTree = "<group>";
		};
		4602C6D728A4054700EBBCB7 /* Bullseye */ = {
			isa = PBXGroup;
			children = (
				464F51A628A54ED700E49788 /* App */,
				464F51A528A54EC600E49788 /* Views */,
				464F51A428A54EB700E49788 /* Models */,
				4602C6DE28A4054800EBBCB7 /* Preview Content */,
			);
			path = Bullseye;
			sourceTree = "<group>";
		};
		4602C6DE28A4054800EBBCB7 /* Preview Content */ = {
			isa = PBXGroup;
			children = (
				4602C6DF28A4054800EBBCB7 /* Preview Assets.xcassets */,
			);
			path = "Preview Content";
			sourceTree = "<group>";
		};
		461CBB0128A6490E003E1704 /* BullseyeTests */ = {
			isa = PBXGroup;
			children = (
				461CBB0228A6490E003E1704 /* BullseyeTests.swift */,
			);
			path = BullseyeTests;
			sourceTree = "<group>";
		};
		464F51A428A54EB700E49788 /* Models */ = {
			isa = PBXGroup;
			children = (
				464F51A728A54F7700E49788 /* Game.swift */,
				4638B20428ABB902007583A8 /* Constants.swift */,
			);
			path = Models;
			sourceTree = "<group>";
		};
		464F51A528A54EC600E49788 /* Views */ = {
			isa = PBXGroup;
			children = (
				4602C6DA28A4054700EBBCB7 /* ContentView.swift */,
				465A8BD428A66FB900B665C6 /* TextViews.swift */,
				465A8BDA28A6A92000B665C6 /* Shapes.swift */,
				465A8BDC28A6ACA900B665C6 /* RoundViews.swift */,
				465A8BDE28A6B19C00B665C6 /* BackgroundView.swift */,
				4638B20228ABAC5E007583A8 /* PointsView.swift */,
				4638B20628ABCF90007583A8 /* LeaderBoardView.swift */,
			);
			path = Views;
			sourceTree = "<group>";
		};
		464F51A628A54ED700E49788 /* App */ = {
			isa = PBXGroup;
			children = (
				4602C6D828A4054700EBBCB7 /* BullseyeApp.swift */,
				4602C6DC28A4054800EBBCB7 /* Assets.xcassets */,
			);
			path = App;
			sourceTree = "<group>";
		};
/* End PBXGroup section */

/* Begin PBXNativeTarget section */
		4602C6D428A4054700EBBCB7 /* Bullseye */ = {
			isa = PBXNativeTarget;
			buildConfigurationList = 4602C6E328A4054800EBBCB7 /* Build configuration list for PBXNativeTarget "Bullseye" */;
			buildPhases = (
				4602C6D128A4054700EBBCB7 /* Sources */,
				4602C6D228A4054700EBBCB7 /* Frameworks */,
				4602C6D328A4054700EBBCB7 /* Resources */,
			);
			buildRules = (
			);
			dependencies = (
			);
			name = Bullseye;
			productName = Bullseye;
			productReference = 4602C6D528A4054700EBBCB7 /* Bullseye.app */;
			productType = "com.apple.product-type.application";
		};
		461CBAFF28A6490E003E1704 /* BullseyeTests */ = {
			isa = PBXNativeTarget;
			buildConfigurationList = 461CBB0828A6490E003E1704 /* Build configuration list for PBXNativeTarget "BullseyeTests" */;
			buildPhases = (
				461CBAFC28A6490E003E1704 /* Sources */,
				461CBAFD28A6490E003E1704 /* Frameworks */,
				461CBAFE28A6490E003E1704 /* Resources */,
			);
			buildRules = (
			);
			dependencies = (
				461CBB0528A6490E003E1704 /* PBXTargetDependency */,
			);
			name = BullseyeTests;
			productName = BullseyeTests;
			productReference = 461CBB0028A6490E003E1704 /* BullseyeTests.xctest */;
			productType = "com.apple.product-type.bundle.unit-test";
		};
/* End PBXNativeTarget section */

/* Begin PBXProject section */
		4602C6CD28A4054700EBBCB7 /* Project object */ = {
			isa = PBXProject;
			attributes = {
				BuildIndependentTargetsInParallel = 1;
				LastSwiftUpdateCheck = 1400;
				LastUpgradeCheck = 1400;
				TargetAttributes = {
					4602C6D428A4054700EBBCB7 = {
						CreatedOnToolsVersion = 14.0;
					};
					461CBAFF28A6490E003E1704 = {
						CreatedOnToolsVersion = 14.0;
						TestTargetID = 4602C6D428A4054700EBBCB7;
					};
				};
			};
			buildConfigurationList = 4602C6D028A4054700EBBCB7 /* Build configuration list for PBXProject "Bullseye" */;
			compatibilityVersion = "Xcode 14.0";
			developmentRegion = en;
			hasScannedForEncodings = 0;
			knownRegions = (
				en,
				Base,
			);
			mainGroup = 4602C6CC28A4054700EBBCB7;
			productRefGroup = 4602C6D628A4054700EBBCB7 /* Products */;
			projectDirPath = "";
			projectRoot = "";
			targets = (
				4602C6D428A4054700EBBCB7 /* Bullseye */,
				461CBAFF28A6490E003E1704 /* BullseyeTests */,
			);
		};
/* End PBXProject section */

/* Begin PBXResourcesBuildPhase section */
		4602C6D328A4054700EBBCB7 /* Resources */ = {
			isa = PBXResourcesBuildPhase;
			buildActionMask = 2147483647;
			files = (
				4602C6E028A4054800EBBCB7 /* Preview Assets.xcassets in Resources */,
				4602C6DD28A4054800EBBCB7 /* Assets.xcassets in Resources */,
			);
			runOnlyForDeploymentPostprocessing = 0;
		};
		461CBAFE28A6490E003E1704 /* Resources */ = {
			isa = PBXResourcesBuildPhase;
			buildActionMask = 2147483647;
			files = (
			);
			runOnlyForDeploymentPostprocessing = 0;
		};
/* End PBXResourcesBuildPhase section */

/* Begin PBXSourcesBuildPhase section */
		4602C6D128A4054700EBBCB7 /* Sources */ = {
			isa = PBXSourcesBuildPhase;
			buildActionMask = 2147483647;
			files = (
				4602C6DB28A4054700EBBCB7 /* ContentView.swift in Sources */,
				465A8BD528A66FB900B665C6 /* TextViews.swift in Sources */,
				465A8BDB28A6A92000B665C6 /* Shapes.swift in Sources */,
				4638B20328ABAC5E007583A8 /* PointsView.swift in Sources */,
				4638B20728ABCF90007583A8 /* LeaderBoardView.swift in Sources */,
				465A8BDF28A6B19C00B665C6 /* BackgroundView.swift in Sources */,
				464F51A828A54F7700E49788 /* Game.swift in Sources */,
				4638B20528ABB902007583A8 /* Constants.swift in Sources */,
				4602C6D928A4054700EBBCB7 /* BullseyeApp.swift in Sources */,
				465A8BDD28A6ACA900B665C6 /* RoundViews.swift in Sources */,
			);
			runOnlyForDeploymentPostprocessing = 0;
		};
		461CBAFC28A6490E003E1704 /* Sources */ = {
			isa = PBXSourcesBuildPhase;
			buildActionMask = 2147483647;
			files = (
				461CBB0328A6490E003E1704 /* BullseyeTests.swift in Sources */,
			);
			runOnlyForDeploymentPostprocessing = 0;
		};
/* End PBXSourcesBuildPhase section */

/* Begin PBXTargetDependency section */
		461CBB0528A6490E003E1704 /* PBXTargetDependency */ = {
			isa = PBXTargetDependency;
			target = 4602C6D428A4054700EBBCB7 /* Bullseye */;
			targetProxy = 461CBB0428A6490E003E1704 /* PBXContainerItemProxy */;
		};
/* End PBXTargetDependency section */

/* Begin XCBuildConfiguration section */
		4602C6E128A4054800EBBCB7 /* Debug */ = {
			isa = XCBuildConfiguration;
			buildSettings = {
				ALWAYS_SEARCH_USER_PATHS = NO;
				CLANG_ANALYZER_NONNULL = YES;
				CLANG_ANALYZER_NUMBER_OBJECT_CONVERSION = YES_AGGRESSIVE;
				CLANG_CXX_LANGUAGE_STANDARD = "gnu++20";
				CLANG_ENABLE_MODULES = YES;
				CLANG_ENABLE_OBJC_ARC = YES;
				CLANG_ENABLE_OBJC_WEAK = YES;
				CLANG_WARN_BLOCK_CAPTURE_AUTORELEASING = YES;
				CLANG_WARN_BOOL_CONVERSION = YES;
				CLANG_WARN_COMMA = YES;
				CLANG_WARN_CONSTANT_CONVERSION = YES;
				CLANG_WARN_DEPRECATED_OBJC_IMPLEMENTATIONS = YES;
				CLANG_WARN_DIRECT_OBJC_ISA_USAGE = YES_ERROR;
				CLANG_WARN_DOCUMENTATION_COMMENTS = YES;
				CLANG_WARN_EMPTY_BODY = YES;
				CLANG_WARN_ENUM_CONVERSION = YES;
				CLANG_WARN_INFINITE_RECURSION = YES;
				CLANG_WARN_INT_CONVERSION = YES;
				CLANG_WARN_NON_LITERAL_NULL_CONVERSION = YES;
				CLANG_WARN_OBJC_IMPLICIT_RETAIN_SELF = YES;
				CLANG_WARN_OBJC_LITERAL_CONVERSION = YES;
				CLANG_WARN_OBJC_ROOT_CLASS = YES_ERROR;
				CLANG_WARN_QUOTED_INCLUDE_IN_FRAMEWORK_HEADER = YES;
				CLANG_WARN_RANGE_LOOP_ANALYSIS = YES;
				CLANG_WARN_STRICT_PROTOTYPES = YES;
				CLANG_WARN_SUSPICIOUS_MOVE = YES;
				CLANG_WARN_UNGUARDED_AVAILABILITY = YES_AGGRESSIVE;
				CLANG_WARN_UNREACHABLE_CODE = YES;
				CLANG_WARN__DUPLICATE_METHOD_MATCH = YES;
				COPY_PHASE_STRIP = NO;
				DEBUG_INFORMATION_FORMAT = dwarf;
				ENABLE_STRICT_OBJC_MSGSEND = YES;
				ENABLE_TESTABILITY = YES;
				GCC_C_LANGUAGE_STANDARD = gnu11;
				GCC_DYNAMIC_NO_PIC = NO;
				GCC_NO_COMMON_BLOCKS = YES;
				GCC_OPTIMIZATION_LEVEL = 0;
				GCC_PREPROCESSOR_DEFINITIONS = (
					"DEBUG=1",
					"$(inherited)",
				);
				GCC_WARN_64_TO_32_BIT_CONVERSION = YES;
				GCC_WARN_ABOUT_RETURN_TYPE = YES_ERROR;
				GCC_WARN_UNDECLARED_SELECTOR = YES;
				GCC_WARN_UNINITIALIZED_AUTOS = YES_AGGRESSIVE;
				GCC_WARN_UNUSED_FUNCTION = YES;
				GCC_WARN_UNUSED_VARIABLE = YES;
				IPHONEOS_DEPLOYMENT_TARGET = 16.0;
				MTL_ENABLE_DEBUG_INFO = INCLUDE_SOURCE;
				MTL_FAST_MATH = YES;
				ONLY_ACTIVE_ARCH = YES;
				SDKROOT = iphoneos;
				SWIFT_ACTIVE_COMPILATION_CONDITIONS = DEBUG;
				SWIFT_OPTIMIZATION_LEVEL = "-Onone";
			};
			name = Debug;
		};
		4602C6E228A4054800EBBCB7 /* Release */ = {
			isa = XCBuildConfiguration;
			buildSettings = {
				ALWAYS_SEARCH_USER_PATHS = NO;
				CLANG_ANALYZER_NONNULL = YES;
				CLANG_ANALYZER_NUMBER_OBJECT_CONVERSION = YES_AGGRESSIVE;
				CLANG_CXX_LANGUAGE_STANDARD = "gnu++20";
				CLANG_ENABLE_MODULES = YES;
				CLANG_ENABLE_OBJC_ARC = YES;
				CLANG_ENABLE_OBJC_WEAK = YES;
				CLANG_WARN_BLOCK_CAPTURE_AUTORELEASING = YES;
				CLANG_WARN_BOOL_CONVERSION = YES;
				CLANG_WARN_COMMA = YES;
				CLANG_WARN_CONSTANT_CONVERSION = YES;
				CLANG_WARN_DEPRECATED_OBJC_IMPLEMENTATIONS = YES;
				CLANG_WARN_DIRECT_OBJC_ISA_USAGE = YES_ERROR;
				CLANG_WARN_DOCUMENTATION_COMMENTS = YES;
				CLANG_WARN_EMPTY_BODY = YES;
				CLANG_WARN_ENUM_CONVERSION = YES;
				CLANG_WARN_INFINITE_RECURSION = YES;
				CLANG_WARN_INT_CONVERSION = YES;
				CLANG_WARN_NON_LITERAL_NULL_CONVERSION = YES;
				CLANG_WARN_OBJC_IMPLICIT_RETAIN_SELF = YES;
				CLANG_WARN_OBJC_LITERAL_CONVERSION = YES;
				CLANG_WARN_OBJC_ROOT_CLASS = YES_ERROR;
				CLANG_WARN_QUOTED_INCLUDE_IN_FRAMEWORK_HEADER = YES;
				CLANG_WARN_RANGE_LOOP_ANALYSIS = YES;
				CLANG_WARN_STRICT_PROTOTYPES = YES;
				CLANG_WARN_SUSPICIOUS_MOVE = YES;
				CLANG_WARN_UNGUARDED_AVAILABILITY = YES_AGGRESSIVE;
				CLANG_WARN_UNREACHABLE_CODE = YES;
				CLANG_WARN__DUPLICATE_METHOD_MATCH = YES;
				COPY_PHASE_STRIP = NO;
				DEBUG_INFORMATION_FORMAT = "dwarf-with-dsym";
				ENABLE_NS_ASSERTIONS = NO;
				ENABLE_STRICT_OBJC_MSGSEND = YES;
				GCC_C_LANGUAGE_STANDARD = gnu11;
				GCC_NO_COMMON_BLOCKS = YES;
				GCC_WARN_64_TO_32_BIT_CONVERSION = YES;
				GCC_WARN_ABOUT_RETURN_TYPE = YES_ERROR;
				GCC_WARN_UNDECLARED_SELECTOR = YES;
				GCC_WARN_UNINITIALIZED_AUTOS = YES_AGGRESSIVE;
				GCC_WARN_UNUSED_FUNCTION = YES;
				GCC_WARN_UNUSED_VARIABLE = YES;
				IPHONEOS_DEPLOYMENT_TARGET = 16.0;
				MTL_ENABLE_DEBUG_INFO = NO;
				MTL_FAST_MATH = YES;
				SDKROOT = iphoneos;
				SWIFT_COMPILATION_MODE = wholemodule;
				SWIFT_OPTIMIZATION_LEVEL = "-O";
				VALIDATE_PRODUCT = YES;
			};
			name = Release;
		};
		4602C6E428A4054800EBBCB7 /* Debug */ = {
			isa = XCBuildConfiguration;
			buildSettings = {
				ASSETCATALOG_COMPILER_APPICON_NAME = AppIcon;
				ASSETCATALOG_COMPILER_GLOBAL_ACCENT_COLOR_NAME = AccentColor;
				CODE_SIGN_STYLE = Automatic;
				CURRENT_PROJECT_VERSION = 1;
				DEVELOPMENT_ASSET_PATHS = "\"Bullseye/Preview Content\"";
				DEVELOPMENT_TEAM = 8TTD5JG84R;
				ENABLE_PREVIEWS = YES;
				GENERATE_INFOPLIST_FILE = YES;
				INFOPLIST_KEY_CFBundleDisplayName = "Bull's Eye";
				INFOPLIST_KEY_UIApplicationSceneManifest_Generation = YES;
				INFOPLIST_KEY_UIApplicationSupportsIndirectInputEvents = YES;
				INFOPLIST_KEY_UILaunchScreen_Generation = YES;
				INFOPLIST_KEY_UISupportedInterfaceOrientations_iPad = "UIInterfaceOrientationPortrait UIInterfaceOrientationPortraitUpsideDown UIInterfaceOrientationLandscapeLeft UIInterfaceOrientationLandscapeRight";
				INFOPLIST_KEY_UISupportedInterfaceOrientations_iPhone = "UIInterfaceOrientationPortrait UIInterfaceOrientationLandscapeLeft UIInterfaceOrientationLandscapeRight";
				LD_RUNPATH_SEARCH_PATHS = (
					"$(inherited)",
					"@executable_path/Frameworks",
				);
				MARKETING_VERSION = 1.0;
				PRODUCT_BUNDLE_IDENTIFIER = com.jrogel.rogueloop.Bullseye;
				PRODUCT_NAME = "$(TARGET_NAME)";
				SWIFT_EMIT_LOC_STRINGS = YES;
				SWIFT_VERSION = 5.0;
				TARGETED_DEVICE_FAMILY = "1,2";
			};
			name = Debug;
		};
		4602C6E528A4054800EBBCB7 /* Release */ = {
			isa = XCBuildConfiguration;
			buildSettings = {
				ASSETCATALOG_COMPILER_APPICON_NAME = AppIcon;
				ASSETCATALOG_COMPILER_GLOBAL_ACCENT_COLOR_NAME = AccentColor;
				CODE_SIGN_STYLE = Automatic;
				CURRENT_PROJECT_VERSION = 1;
				DEVELOPMENT_ASSET_PATHS = "\"Bullseye/Preview Content\"";
				DEVELOPMENT_TEAM = 8TTD5JG84R;
				ENABLE_PREVIEWS = YES;
				GENERATE_INFOPLIST_FILE = YES;
				INFOPLIST_KEY_CFBundleDisplayName = "Bull's Eye";
				INFOPLIST_KEY_UIApplicationSceneManifest_Generation = YES;
				INFOPLIST_KEY_UIApplicationSupportsIndirectInputEvents = YES;
				INFOPLIST_KEY_UILaunchScreen_Generation = YES;
				INFOPLIST_KEY_UISupportedInterfaceOrientations_iPad = "UIInterfaceOrientationPortrait UIInterfaceOrientationPortraitUpsideDown UIInterfaceOrientationLandscapeLeft UIInterfaceOrientationLandscapeRight";
				INFOPLIST_KEY_UISupportedInterfaceOrientations_iPhone = "UIInterfaceOrientationPortrait UIInterfaceOrientationLandscapeLeft UIInterfaceOrientationLandscapeRight";
				LD_RUNPATH_SEARCH_PATHS = (
					"$(inherited)",
					"@executable_path/Frameworks",
				);
				MARKETING_VERSION = 1.0;
				PRODUCT_BUNDLE_IDENTIFIER = com.jrogel.rogueloop.Bullseye;
				PRODUCT_NAME = "$(TARGET_NAME)";
				SWIFT_EMIT_LOC_STRINGS = YES;
				SWIFT_VERSION = 5.0;
				TARGETED_DEVICE_FAMILY = "1,2";
			};
			name = Release;
		};
		461CBB0628A6490E003E1704 /* Debug */ = {
			isa = XCBuildConfiguration;
			buildSettings = {
				BUNDLE_LOADER = "$(TEST_HOST)";
				CODE_SIGN_STYLE = Automatic;
				CURRENT_PROJECT_VERSION = 1;
				DEVELOPMENT_TEAM = 8TTD5JG84R;
				GENERATE_INFOPLIST_FILE = YES;
				IPHONEOS_DEPLOYMENT_TARGET = 16.0;
				MACOSX_DEPLOYMENT_TARGET = 12.5;
				MARKETING_VERSION = 1.0;
				PRODUCT_BUNDLE_IDENTIFIER = com.jrogel.rogueloop.BullseyeTests;
				PRODUCT_NAME = "$(TARGET_NAME)";
				SDKROOT = auto;
				SUPPORTED_PLATFORMS = "iphoneos iphonesimulator macosx";
				SWIFT_EMIT_LOC_STRINGS = NO;
				SWIFT_VERSION = 5.0;
				TARGETED_DEVICE_FAMILY = "1,2";
				TEST_HOST = "$(BUILT_PRODUCTS_DIR)/Bullseye.app/$(BUNDLE_EXECUTABLE_FOLDER_PATH)/Bullseye";
			};
			name = Debug;
		};
		461CBB0728A6490E003E1704 /* Release */ = {
			isa = XCBuildConfiguration;
			buildSettings = {
				BUNDLE_LOADER = "$(TEST_HOST)";
				CODE_SIGN_STYLE = Automatic;
				CURRENT_PROJECT_VERSION = 1;
				DEVELOPMENT_TEAM = 8TTD5JG84R;
				GENERATE_INFOPLIST_FILE = YES;
				IPHONEOS_DEPLOYMENT_TARGET = 16.0;
				MACOSX_DEPLOYMENT_TARGET = 12.5;
				MARKETING_VERSION = 1.0;
				PRODUCT_BUNDLE_IDENTIFIER = com.jrogel.rogueloop.BullseyeTests;
				PRODUCT_NAME = "$(TARGET_NAME)";
				SDKROOT = auto;
				SUPPORTED_PLATFORMS = "iphoneos iphonesimulator macosx";
				SWIFT_EMIT_LOC_STRINGS = NO;
				SWIFT_VERSION = 5.0;
				TARGETED_DEVICE_FAMILY = "1,2";
				TEST_HOST = "$(BUILT_PRODUCTS_DIR)/Bullseye.app/$(BUNDLE_EXECUTABLE_FOLDER_PATH)/Bullseye";
			};
			name = Release;
		};
/* End XCBuildConfiguration section */

/* Begin XCConfigurationList section */
		4602C6D028A4054700EBBCB7 /* Build configuration list for PBXProject "Bullseye" */ = {
			isa = XCConfigurationList;
			buildConfigurations = (
				4602C6E128A4054800EBBCB7 /* Debug */,
				4602C6E228A4054800EBBCB7 /* Release */,
			);
			defaultConfigurationIsVisible = 0;
			defaultConfigurationName = Release;
		};
		4602C6E328A4054800EBBCB7 /* Build configuration list for PBXNativeTarget "Bullseye" */ = {
			isa = XCConfigurationList;
			buildConfigurations = (
				4602C6E428A4054800EBBCB7 /* Debug */,
				4602C6E528A4054800EBBCB7 /* Release */,
			);
			defaultConfigurationIsVisible = 0;
			defaultConfigurationName = Release;
		};
		461CBB0828A6490E003E1704 /* Build configuration list for PBXNativeTarget "BullseyeTests" */ = {
			isa = XCConfigurationList;
			buildConfigurations = (
				461CBB0628A6490E003E1704 /* Debug */,
				461CBB0728A6490E003E1704 /* Release */,
			);
			defaultConfigurationIsVisible = 0;
			defaultConfigurationName = Release;
		};
/* End XCConfigurationList section */
	};
	rootObject = 4602C6CD28A4054700EBBCB7 /* Project object */;
}
