// !$*UTF8*$!
{
	archiveVersion = 1;
	classes = {
	};
	objectVersion = 56;
	objects = {

/* Begin PBXBuildFile section */
		469AB67128C8B5040099330D /* My_SwiftUIApp.swift in Sources */ = {isa = PBXBuildFile; fileRef = 469AB67028C8B5040099330D /* My_SwiftUIApp.swift */; };
		469AB67328C8B5040099330D /* ContentView.swift in Sources */ = {isa = PBXBuildFile; fileRef = 469AB67228C8B5040099330D /* ContentView.swift */; };
		469AB67528C8B5060099330D /* Assets.xcassets in Resources */ = {isa = PBXBuildFile; fileRef = 469AB67428C8B5060099330D /* Assets.xcassets */; };
		469AB67828C8B5060099330D /* Preview Assets.xcassets in Resources */ = {isa = PBXBuildFile; fileRef = 469AB67728C8B5060099330D /* Preview Assets.xcassets */; };
		469AB68128C8B7D50099330D /* Challenge 1.swift in Sources */ = {isa = PBXBuildFile; fileRef = 469AB67E28C8B7D50099330D /* Challenge 1.swift */; };
		469AB68228C8B7D50099330D /* Challenge 2.swift in Sources */ = {isa = PBXBuildFile; fileRef = 469AB67F28C8B7D50099330D /* Challenge 2.swift */; };
		469AB68928C8BB8F0099330D /* StateBinding.swift in Sources */ = {isa = PBXBuildFile; fileRef = 469AB68828C8BB8F0099330D /* StateBinding.swift */; };
		469AB68B28C8BE7E0099330D /* ChallengeStateBinding.swift in Sources */ = {isa = PBXBuildFile; fileRef = 469AB68A28C8BE7E0099330D /* ChallengeStateBinding.swift */; };
		469AB68E28C8D6F20099330D /* LayoutStacks.swift in Sources */ = {isa = PBXBuildFile; fileRef = 469AB68D28C8D6F20099330D /* LayoutStacks.swift */; };
		469AB69228C8E0850099330D /* MeowMixHeader.swift in Sources */ = {isa = PBXBuildFile; fileRef = 469AB69028C8E0840099330D /* MeowMixHeader.swift */; };
		469AB69328C8E0850099330D /* MeowMix.swift in Sources */ = {isa = PBXBuildFile; fileRef = 469AB69128C8E0840099330D /* MeowMix.swift */; };
		469AB69528C8E1130099330D /* RepeatedView.swift in Sources */ = {isa = PBXBuildFile; fileRef = 469AB69428C8E1130099330D /* RepeatedView.swift */; };
		469AB69828C8E6550099330D /* WeatherWidget.swift in Sources */ = {isa = PBXBuildFile; fileRef = 469AB69728C8E6550099330D /* WeatherWidget.swift */; };
/* End PBXBuildFile section */

/* Begin PBXFileReference section */
		469AB66D28C8B5040099330D /* My SwiftUI.app */ = {isa = PBXFileReference; explicitFileType = wrapper.application; includeInIndex = 0; path = "My SwiftUI.app"; sourceTree = BUILT_PRODUCTS_DIR; };
		469AB67028C8B5040099330D /* My_SwiftUIApp.swift */ = {isa = PBXFileReference; lastKnownFileType = sourcecode.swift; path = My_SwiftUIApp.swift; sourceTree = "<group>"; };
		469AB67228C8B5040099330D /* ContentView.swift */ = {isa = PBXFileReference; lastKnownFileType = sourcecode.swift; path = ContentView.swift; sourceTree = "<group>"; };
		469AB67428C8B5060099330D /* Assets.xcassets */ = {isa = PBXFileReference; lastKnownFileType = folder.assetcatalog; path = Assets.xcassets; sourceTree = "<group>"; };
		469AB67728C8B5060099330D /* Preview Assets.xcassets */ = {isa = PBXFileReference; lastKnownFileType = folder.assetcatalog; path = "Preview Assets.xcassets"; sourceTree = "<group>"; };
		469AB67E28C8B7D50099330D /* Challenge 1.swift */ = {isa = PBXFileReference; fileEncoding = 4; lastKnownFileType = sourcecode.swift; path = "Challenge 1.swift"; sourceTree = "<group>"; };
		469AB67F28C8B7D50099330D /* Challenge 2.swift */ = {isa = PBXFileReference; fileEncoding = 4; lastKnownFileType = sourcecode.swift; path = "Challenge 2.swift"; sourceTree = "<group>"; };
		469AB68828C8BB8F0099330D /* StateBinding.swift */ = {isa = PBXFileReference; lastKnownFileType = sourcecode.swift; path = StateBinding.swift; sourceTree = "<group>"; };
		469AB68A28C8BE7E0099330D /* ChallengeStateBinding.swift */ = {isa = PBXFileReference; lastKnownFileType = sourcecode.swift; path = ChallengeStateBinding.swift; sourceTree = "<group>"; };
		469AB68D28C8D6F20099330D /* LayoutStacks.swift */ = {isa = PBXFileReference; lastKnownFileType = sourcecode.swift; path = LayoutStacks.swift; sourceTree = "<group>"; };
		469AB69028C8E0840099330D /* MeowMixHeader.swift */ = {isa = PBXFileReference; fileEncoding = 4; lastKnownFileType = sourcecode.swift; path = MeowMixHeader.swift; sourceTree = "<group>"; };
		469AB69128C8E0840099330D /* MeowMix.swift */ = {isa = PBXFileReference; fileEncoding = 4; lastKnownFileType = sourcecode.swift; path = MeowMix.swift; sourceTree = "<group>"; };
		469AB69428C8E1130099330D /* RepeatedView.swift */ = {isa = PBXFileReference; lastKnownFileType = sourcecode.swift; path = RepeatedView.swift; sourceTree = "<group>"; };
		469AB69728C8E6550099330D /* WeatherWidget.swift */ = {isa = PBXFileReference; lastKnownFileType = sourcecode.swift; path = WeatherWidget.swift; sourceTree = "<group>"; };
/* End PBXFileReference section */

/* Begin PBXFrameworksBuildPhase section */
		469AB66A28C8B5040099330D /* Frameworks */ = {
			isa = PBXFrameworksBuildPhase;
			buildActionMask = 2147483647;
			files = (
			);
			runOnlyForDeploymentPostprocessing = 0;
		};
/* End PBXFrameworksBuildPhase section */

/* Begin PBXGroup section */
		469AB66428C8B5040099330D = {
			isa = PBXGroup;
			children = (
				469AB66F28C8B5040099330D /* My SwiftUI */,
				469AB66E28C8B5040099330D /* Products */,
			);
			sourceTree = "<group>";
		};
		469AB66E28C8B5040099330D /* Products */ = {
			isa = PBXGroup;
			children = (
				469AB66D28C8B5040099330D /* My SwiftUI.app */,
			);
			name = Products;
			sourceTree = "<group>";
		};
		469AB66F28C8B5040099330D /* My SwiftUI */ = {
			isa = PBXGroup;
			children = (
				469AB69628C8E6340099330D /* Weather Widget Challenge */,
				469AB68F28C8E05E0099330D /* RepeatViews */,
				469AB68C28C8D6DC0099330D /* LayoutStacks */,
				469AB68528C8BB650099330D /* State_Binding */,
				469AB68428C8B7E50099330D /* Modifier_Match_Challenge */,
				469AB67028C8B5040099330D /* My_SwiftUIApp.swift */,
				469AB67228C8B5040099330D /* ContentView.swift */,
				469AB67428C8B5060099330D /* Assets.xcassets */,
				469AB67628C8B5060099330D /* Preview Content */,
			);
			path = "My SwiftUI";
			sourceTree = "<group>";
		};
		469AB67628C8B5060099330D /* Preview Content */ = {
			isa = PBXGroup;
			children = (
				469AB67728C8B5060099330D /* Preview Assets.xcassets */,
			);
			path = "Preview Content";
			sourceTree = "<group>";
		};
		469AB68428C8B7E50099330D /* Modifier_Match_Challenge */ = {
			isa = PBXGroup;
			children = (
				469AB67E28C8B7D50099330D /* Challenge 1.swift */,
				469AB67F28C8B7D50099330D /* Challenge 2.swift */,
			);
			path = Modifier_Match_Challenge;
			sourceTree = "<group>";
		};
		469AB68528C8BB650099330D /* State_Binding */ = {
			isa = PBXGroup;
			children = (
				469AB68828C8BB8F0099330D /* StateBinding.swift */,
				469AB68A28C8BE7E0099330D /* ChallengeStateBinding.swift */,
			);
			path = State_Binding;
			sourceTree = "<group>";
		};
		469AB68C28C8D6DC0099330D /* LayoutStacks */ = {
			isa = PBXGroup;
			children = (
				469AB68D28C8D6F20099330D /* LayoutStacks.swift */,
			);
			path = LayoutStacks;
			sourceTree = "<group>";
		};
		469AB68F28C8E05E0099330D /* RepeatViews */ = {
			isa = PBXGroup;
			children = (
				469AB69128C8E0840099330D /* MeowMix.swift */,
				469AB69028C8E0840099330D /* MeowMixHeader.swift */,
				469AB69428C8E1130099330D /* RepeatedView.swift */,
			);
			path = RepeatViews;
			sourceTree = "<group>";
		};
		469AB69628C8E6340099330D /* Weather Widget Challenge */ = {
			isa = PBXGroup;
			children = (
				469AB69728C8E6550099330D /* WeatherWidget.swift */,
			);
			path = "Weather Widget Challenge";
			sourceTree = "<group>";
		};
/* End PBXGroup section */

/* Begin PBXNativeTarget section */
		469AB66C28C8B5040099330D /* My SwiftUI */ = {
			isa = PBXNativeTarget;
			buildConfigurationList = 469AB67B28C8B5060099330D /* Build configuration list for PBXNativeTarget "My SwiftUI" */;
			buildPhases = (
				469AB66928C8B5040099330D /* Sources */,
				469AB66A28C8B5040099330D /* Frameworks */,
				469AB66B28C8B5040099330D /* Resources */,
			);
			buildRules = (
			);
			dependencies = (
			);
			name = "My SwiftUI";
			productName = "My SwiftUI";
			productReference = 469AB66D28C8B5040099330D /* My SwiftUI.app */;
			productType = "com.apple.product-type.application";
		};
/* End PBXNativeTarget section */

/* Begin PBXProject section */
		469AB66528C8B5040099330D /* Project object */ = {
			isa = PBXProject;
			attributes = {
				BuildIndependentTargetsInParallel = 1;
				LastSwiftUpdateCheck = 1400;
				LastUpgradeCheck = 1400;
				TargetAttributes = {
					469AB66C28C8B5040099330D = {
						CreatedOnToolsVersion = 14.0;
					};
				};
			};
			buildConfigurationList = 469AB66828C8B5040099330D /* Build configuration list for PBXProject "My SwiftUI" */;
			compatibilityVersion = "Xcode 14.0";
			developmentRegion = en;
			hasScannedForEncodings = 0;
			knownRegions = (
				en,
				Base,
			);
			mainGroup = 469AB66428C8B5040099330D;
			productRefGroup = 469AB66E28C8B5040099330D /* Products */;
			projectDirPath = "";
			projectRoot = "";
			targets = (
				469AB66C28C8B5040099330D /* My SwiftUI */,
			);
		};
/* End PBXProject section */

/* Begin PBXResourcesBuildPhase section */
		469AB66B28C8B5040099330D /* Resources */ = {
			isa = PBXResourcesBuildPhase;
			buildActionMask = 2147483647;
			files = (
				469AB67828C8B5060099330D /* Preview Assets.xcassets in Resources */,
				469AB67528C8B5060099330D /* Assets.xcassets in Resources */,
			);
			runOnlyForDeploymentPostprocessing = 0;
		};
/* End PBXResourcesBuildPhase section */

/* Begin PBXSourcesBuildPhase section */
		469AB66928C8B5040099330D /* Sources */ = {
			isa = PBXSourcesBuildPhase;
			buildActionMask = 2147483647;
			files = (
				469AB69328C8E0850099330D /* MeowMix.swift in Sources */,
				469AB67328C8B5040099330D /* ContentView.swift in Sources */,
				469AB68E28C8D6F20099330D /* LayoutStacks.swift in Sources */,
				469AB68228C8B7D50099330D /* Challenge 2.swift in Sources */,
				469AB68928C8BB8F0099330D /* StateBinding.swift in Sources */,
				469AB69828C8E6550099330D /* WeatherWidget.swift in Sources */,
				469AB68B28C8BE7E0099330D /* ChallengeStateBinding.swift in Sources */,
				469AB69228C8E0850099330D /* MeowMixHeader.swift in Sources */,
				469AB67128C8B5040099330D /* My_SwiftUIApp.swift in Sources */,
				469AB69528C8E1130099330D /* RepeatedView.swift in Sources */,
				469AB68128C8B7D50099330D /* Challenge 1.swift in Sources */,
			);
			runOnlyForDeploymentPostprocessing = 0;
		};
/* End PBXSourcesBuildPhase section */

/* Begin XCBuildConfiguration section */
		469AB67928C8B5060099330D /* Debug */ = {
			isa = XCBuildConfiguration;
			buildSettings = {
				ALWAYS_SEARCH_USER_PATHS = NO;
				CLANG_ANALYZER_NONNULL = YES;
				CLANG_ANALYZER_NUMBER_OBJECT_CONVERSION = YES_AGGRESSIVE;
				CLANG_CXX_LANGUAGE_STANDARD = "gnu++20";
				CLANG_ENABLE_MODULES = YES;
				CLANG_ENABLE_OBJC_ARC = YES;
				CLANG_ENABLE_OBJC_WEAK = YES;
				CLANG_WARN_BLOCK_CAPTURE_AUTORELEASING = YES;
				CLANG_WARN_BOOL_CONVERSION = YES;
				CLANG_WARN_COMMA = YES;
				CLANG_WARN_CONSTANT_CONVERSION = YES;
				CLANG_WARN_DEPRECATED_OBJC_IMPLEMENTATIONS = YES;
				CLANG_WARN_DIRECT_OBJC_ISA_USAGE = YES_ERROR;
				CLANG_WARN_DOCUMENTATION_COMMENTS = YES;
				CLANG_WARN_EMPTY_BODY = YES;
				CLANG_WARN_ENUM_CONVERSION = YES;
				CLANG_WARN_INFINITE_RECURSION = YES;
				CLANG_WARN_INT_CONVERSION = YES;
				CLANG_WARN_NON_LITERAL_NULL_CONVERSION = YES;
				CLANG_WARN_OBJC_IMPLICIT_RETAIN_SELF = YES;
				CLANG_WARN_OBJC_LITERAL_CONVERSION = YES;
				CLANG_WARN_OBJC_ROOT_CLASS = YES_ERROR;
				CLANG_WARN_QUOTED_INCLUDE_IN_FRAMEWORK_HEADER = YES;
				CLANG_WARN_RANGE_LOOP_ANALYSIS = YES;
				CLANG_WARN_STRICT_PROTOTYPES = YES;
				CLANG_WARN_SUSPICIOUS_MOVE = YES;
				CLANG_WARN_UNGUARDED_AVAILABILITY = YES_AGGRESSIVE;
				CLANG_WARN_UNREACHABLE_CODE = YES;
				CLANG_WARN__DUPLICATE_METHOD_MATCH = YES;
				COPY_PHASE_STRIP = NO;
				DEBUG_INFORMATION_FORMAT = dwarf;
				ENABLE_STRICT_OBJC_MSGSEND = YES;
				ENABLE_TESTABILITY = YES;
				GCC_C_LANGUAGE_STANDARD = gnu11;
				GCC_DYNAMIC_NO_PIC = NO;
				GCC_NO_COMMON_BLOCKS = YES;
				GCC_OPTIMIZATION_LEVEL = 0;
				GCC_PREPROCESSOR_DEFINITIONS = (
					"DEBUG=1",
					"$(inherited)",
				);
				GCC_WARN_64_TO_32_BIT_CONVERSION = YES;
				GCC_WARN_ABOUT_RETURN_TYPE = YES_ERROR;
				GCC_WARN_UNDECLARED_SELECTOR = YES;
				GCC_WARN_UNINITIALIZED_AUTOS = YES_AGGRESSIVE;
				GCC_WARN_UNUSED_FUNCTION = YES;
				GCC_WARN_UNUSED_VARIABLE = YES;
				IPHONEOS_DEPLOYMENT_TARGET = 16.0;
				MTL_ENABLE_DEBUG_INFO = INCLUDE_SOURCE;
				MTL_FAST_MATH = YES;
				ONLY_ACTIVE_ARCH = YES;
				SDKROOT = iphoneos;
				SWIFT_ACTIVE_COMPILATION_CONDITIONS = DEBUG;
				SWIFT_OPTIMIZATION_LEVEL = "-Onone";
			};
			name = Debug;
		};
		469AB67A28C8B5060099330D /* Release */ = {
			isa = XCBuildConfiguration;
			buildSettings = {
				ALWAYS_SEARCH_USER_PATHS = NO;
				CLANG_ANALYZER_NONNULL = YES;
				CLANG_ANALYZER_NUMBER_OBJECT_CONVERSION = YES_AGGRESSIVE;
				CLANG_CXX_LANGUAGE_STANDARD = "gnu++20";
				CLANG_ENABLE_MODULES = YES;
				CLANG_ENABLE_OBJC_ARC = YES;
				CLANG_ENABLE_OBJC_WEAK = YES;
				CLANG_WARN_BLOCK_CAPTURE_AUTORELEASING = YES;
				CLANG_WARN_BOOL_CONVERSION = YES;
				CLANG_WARN_COMMA = YES;
				CLANG_WARN_CONSTANT_CONVERSION = YES;
				CLANG_WARN_DEPRECATED_OBJC_IMPLEMENTATIONS = YES;
				CLANG_WARN_DIRECT_OBJC_ISA_USAGE = YES_ERROR;
				CLANG_WARN_DOCUMENTATION_COMMENTS = YES;
				CLANG_WARN_EMPTY_BODY = YES;
				CLANG_WARN_ENUM_CONVERSION = YES;
				CLANG_WARN_INFINITE_RECURSION = YES;
				CLANG_WARN_INT_CONVERSION = YES;
				CLANG_WARN_NON_LITERAL_NULL_CONVERSION = YES;
				CLANG_WARN_OBJC_IMPLICIT_RETAIN_SELF = YES;
				CLANG_WARN_OBJC_LITERAL_CONVERSION = YES;
				CLANG_WARN_OBJC_ROOT_CLASS = YES_ERROR;
				CLANG_WARN_QUOTED_INCLUDE_IN_FRAMEWORK_HEADER = YES;
				CLANG_WARN_RANGE_LOOP_ANALYSIS = YES;
				CLANG_WARN_STRICT_PROTOTYPES = YES;
				CLANG_WARN_SUSPICIOUS_MOVE = YES;
				CLANG_WARN_UNGUARDED_AVAILABILITY = YES_AGGRESSIVE;
				CLANG_WARN_UNREACHABLE_CODE = YES;
				CLANG_WARN__DUPLICATE_METHOD_MATCH = YES;
				COPY_PHASE_STRIP = NO;
				DEBUG_INFORMATION_FORMAT = "dwarf-with-dsym";
				ENABLE_NS_ASSERTIONS = NO;
				ENABLE_STRICT_OBJC_MSGSEND = YES;
				GCC_C_LANGUAGE_STANDARD = gnu11;
				GCC_NO_COMMON_BLOCKS = YES;
				GCC_WARN_64_TO_32_BIT_CONVERSION = YES;
				GCC_WARN_ABOUT_RETURN_TYPE = YES_ERROR;
				GCC_WARN_UNDECLARED_SELECTOR = YES;
				GCC_WARN_UNINITIALIZED_AUTOS = YES_AGGRESSIVE;
				GCC_WARN_UNUSED_FUNCTION = YES;
				GCC_WARN_UNUSED_VARIABLE = YES;
				IPHONEOS_DEPLOYMENT_TARGET = 16.0;
				MTL_ENABLE_DEBUG_INFO = NO;
				MTL_FAST_MATH = YES;
				SDKROOT = iphoneos;
				SWIFT_COMPILATION_MODE = wholemodule;
				SWIFT_OPTIMIZATION_LEVEL = "-O";
				VALIDATE_PRODUCT = YES;
			};
			name = Release;
		};
		469AB67C28C8B5060099330D /* Debug */ = {
			isa = XCBuildConfiguration;
			buildSettings = {
				ASSETCATALOG_COMPILER_APPICON_NAME = AppIcon;
				ASSETCATALOG_COMPILER_GLOBAL_ACCENT_COLOR_NAME = AccentColor;
				CODE_SIGN_STYLE = Automatic;
				CURRENT_PROJECT_VERSION = 1;
				DEVELOPMENT_ASSET_PATHS = "\"My SwiftUI/Preview Content\"";
				DEVELOPMENT_TEAM = 8TTD5JG84R;
				ENABLE_PREVIEWS = YES;
				GENERATE_INFOPLIST_FILE = YES;
				INFOPLIST_KEY_UIApplicationSceneManifest_Generation = YES;
				INFOPLIST_KEY_UIApplicationSupportsIndirectInputEvents = YES;
				INFOPLIST_KEY_UILaunchScreen_Generation = YES;
				INFOPLIST_KEY_UISupportedInterfaceOrientations_iPad = "UIInterfaceOrientationPortrait UIInterfaceOrientationPortraitUpsideDown UIInterfaceOrientationLandscapeLeft UIInterfaceOrientationLandscapeRight";
				INFOPLIST_KEY_UISupportedInterfaceOrientations_iPhone = "UIInterfaceOrientationPortrait UIInterfaceOrientationLandscapeLeft UIInterfaceOrientationLandscapeRight";
				LD_RUNPATH_SEARCH_PATHS = (
					"$(inherited)",
					"@executable_path/Frameworks",
				);
				MARKETING_VERSION = 1.0;
				PRODUCT_BUNDLE_IDENTIFIER = "com.rogelj.rogueloop.My-SwiftUI";
				PRODUCT_NAME = "$(TARGET_NAME)";
				SWIFT_EMIT_LOC_STRINGS = YES;
				SWIFT_VERSION = 5.0;
				TARGETED_DEVICE_FAMILY = "1,2";
			};
			name = Debug;
		};
		469AB67D28C8B5060099330D /* Release */ = {
			isa = XCBuildConfiguration;
			buildSettings = {
				ASSETCATALOG_COMPILER_APPICON_NAME = AppIcon;
				ASSETCATALOG_COMPILER_GLOBAL_ACCENT_COLOR_NAME = AccentColor;
				CODE_SIGN_STYLE = Automatic;
				CURRENT_PROJECT_VERSION = 1;
				DEVELOPMENT_ASSET_PATHS = "\"My SwiftUI/Preview Content\"";
				DEVELOPMENT_TEAM = 8TTD5JG84R;
				ENABLE_PREVIEWS = YES;
				GENERATE_INFOPLIST_FILE = YES;
				INFOPLIST_KEY_UIApplicationSceneManifest_Generation = YES;
				INFOPLIST_KEY_UIApplicationSupportsIndirectInputEvents = YES;
				INFOPLIST_KEY_UILaunchScreen_Generation = YES;
				INFOPLIST_KEY_UISupportedInterfaceOrientations_iPad = "UIInterfaceOrientationPortrait UIInterfaceOrientationPortraitUpsideDown UIInterfaceOrientationLandscapeLeft UIInterfaceOrientationLandscapeRight";
				INFOPLIST_KEY_UISupportedInterfaceOrientations_iPhone = "UIInterfaceOrientationPortrait UIInterfaceOrientationLandscapeLeft UIInterfaceOrientationLandscapeRight";
				LD_RUNPATH_SEARCH_PATHS = (
					"$(inherited)",
					"@executable_path/Frameworks",
				);
				MARKETING_VERSION = 1.0;
				PRODUCT_BUNDLE_IDENTIFIER = "com.rogelj.rogueloop.My-SwiftUI";
				PRODUCT_NAME = "$(TARGET_NAME)";
				SWIFT_EMIT_LOC_STRINGS = YES;
				SWIFT_VERSION = 5.0;
				TARGETED_DEVICE_FAMILY = "1,2";
			};
			name = Release;
		};
/* End XCBuildConfiguration section */

/* Begin XCConfigurationList section */
		469AB66828C8B5040099330D /* Build configuration list for PBXProject "My SwiftUI" */ = {
			isa = XCConfigurationList;
			buildConfigurations = (
				469AB67928C8B5060099330D /* Debug */,
				469AB67A28C8B5060099330D /* Release */,
			);
			defaultConfigurationIsVisible = 0;
			defaultConfigurationName = Release;
		};
		469AB67B28C8B5060099330D /* Build configuration list for PBXNativeTarget "My SwiftUI" */ = {
			isa = XCConfigurationList;
			buildConfigurations = (
				469AB67C28C8B5060099330D /* Debug */,
				469AB67D28C8B5060099330D /* Release */,
			);
			defaultConfigurationIsVisible = 0;
			defaultConfigurationName = Release;
		};
/* End XCConfigurationList section */
	};
	rootObject = 469AB66528C8B5040099330D /* Project object */;
}
